
Microsoft Visual Studio Solution File, Format Version 12.00
# Visual Studio Version 17
VisualStudioVersion = 17.10.35013.160
MinimumVisualStudioVersion = 10.0.40219.1
Project("{FAE04EC0-301F-11D3-BF4B-00C04F79EFBC}") = "BitirmeProjesi1", "BitirmeProjesi1\BitirmeProjesi1.csproj", "{A1FAE0C5-4A34-4ED2-B3FD-02D2AEE7413C}"
EndProject
Global
	GlobalSection(SolutionConfigurationPlatforms) = preSolution
		Debug|Any CPU = Debug|Any CPU
		Release|Any CPU = Release|Any CPU
	EndGlobalSection
	GlobalSection(ProjectConfigurationPlatforms) = postSolution
		{A1FAE0C5-4A34-4ED2-B3FD-02D2AEE7413C}.Debug|Any CPU.ActiveCfg = Debug|Any CPU
		{A1FAE0C5-4A34-4ED2-B3FD-02D2AEE7413C}.Debug|Any CPU.Build.0 = Debug|Any CPU
		{A1FAE0C5-4A34-4ED2-B3FD-02D2AEE7413C}.Release|Any CPU.ActiveCfg = Release|Any CPU
		{A1FAE0C5-4A34-4ED2-B3FD-02D2AEE7413C}.Release|Any CPU.Build.0 = Release|Any CPU
	EndGlobalSection
	GlobalSection(SolutionProperties) = preSolution
		HideSolutionNode = FALSE
	EndGlobalSection
	GlobalSection(ExtensibilityGlobals) = postSolution
		SolutionGuid = {773E25E4-7FB5-412F-96FE-58007D2D403B}
	EndGlobalSection
EndGlobal
